PODS:
  - Lasso (1.0.2)
  - LassoTestUtilities (1.0.2):
    - Lasso
  - WWLayout (0.7.0)

DEPENDENCIES:
  - Lasso (from `../`)
  - LassoTestUtilities (from `../`)
  - WWLayout (from `https://github.com/ww-tech/wwlayout.git`)

EXTERNAL SOURCES:
  Lasso:
    :path: "../"
  LassoTestUtilities:
    :path: "../"
  WWLayout:
    :git: https://github.com/ww-tech/wwlayout.git

CHECKOUT OPTIONS:
  WWLayout:
    :commit: 654d22ce8e9cdbdcadc98629f98a923c5175482f
    :git: https://github.com/ww-tech/wwlayout.git

SPEC CHECKSUMS:
  Lasso: 106d0bfe67a74ab480bf3724c4d314a5e8c36730
  LassoTestUtilities: ec6bf2dfb0ecf5438d6e1557c3e230b1af61252f
  WWLayout: 236d9ba7383cdba0773082875b612bde29c89d61

PODFILE CHECKSUM: 2d9f078e69bea167c80534f88d7590535d23e5da

COCOAPODS: 1.9.1
